// !$*UTF8*$!
{
	archiveVersion = 1;
	classes = {
	};
	objectVersion = 56;
	objects = {

/* Begin PBXBuildFile section */
		0C8146612C2665D80034AD6D /* AppDelegate.swift in Sources */ = {isa = PBXBuildFile; fileRef = 0C8146602C2665D80034AD6D /* AppDelegate.swift */; };
		0C8146632C2665D80034AD6D /* SceneDelegate.swift in Sources */ = {isa = PBXBuildFile; fileRef = 0C8146622C2665D80034AD6D /* SceneDelegate.swift */; };
		0C81466B2C2665D80034AD6D /* viper_assignment.xcdatamodeld in Sources */ = {isa = PBXBuildFile; fileRef = 0C8146692C2665D80034AD6D /* viper_assignment.xcdatamodeld */; };
		0C81466D2C2665D90034AD6D /* Assets.xcassets in Resources */ = {isa = PBXBuildFile; fileRef = 0C81466C2C2665D90034AD6D /* Assets.xcassets */; };
		0C8146702C2665D90034AD6D /* Base in Resources */ = {isa = PBXBuildFile; fileRef = 0C81466F2C2665D90034AD6D /* Base */; };
		0C81467B2C2665D90034AD6D /* viper_assignmentTests.swift in Sources */ = {isa = PBXBuildFile; fileRef = 0C81467A2C2665D90034AD6D /* viper_assignmentTests.swift */; };
		0C81469D2C299C510034AD6D /* swiftlint.yml in Resources */ = {isa = PBXBuildFile; fileRef = 0C81469C2C299C510034AD6D /* swiftlint.yml */; };
/* End PBXBuildFile section */

/* Begin PBXContainerItemProxy section */
		0C8146772C2665D90034AD6D /* PBXContainerItemProxy */ = {
			isa = PBXContainerItemProxy;
			containerPortal = 0C8146552C2665D80034AD6D /* Project object */;
			proxyType = 1;
			remoteGlobalIDString = 0C81465C2C2665D80034AD6D;
			remoteInfo = "viper-assignment";
		};
/* End PBXContainerItemProxy section */

/* Begin PBXFileReference section */
		0C81465D2C2665D80034AD6D /* viper-assignment.app */ = {isa = PBXFileReference; explicitFileType = wrapper.application; includeInIndex = 0; path = "viper-assignment.app"; sourceTree = BUILT_PRODUCTS_DIR; };
		0C8146602C2665D80034AD6D /* AppDelegate.swift */ = {isa = PBXFileReference; lastKnownFileType = sourcecode.swift; path = AppDelegate.swift; sourceTree = "<group>"; };
		0C8146622C2665D80034AD6D /* SceneDelegate.swift */ = {isa = PBXFileReference; lastKnownFileType = sourcecode.swift; path = SceneDelegate.swift; sourceTree = "<group>"; };
		0C81466A2C2665D80034AD6D /* viper_assignment.xcdatamodel */ = {isa = PBXFileReference; lastKnownFileType = wrapper.xcdatamodel; path = viper_assignment.xcdatamodel; sourceTree = "<group>"; };
		0C81466C2C2665D90034AD6D /* Assets.xcassets */ = {isa = PBXFileReference; lastKnownFileType = folder.assetcatalog; path = Assets.xcassets; sourceTree = "<group>"; };
		0C81466F2C2665D90034AD6D /* Base */ = {isa = PBXFileReference; lastKnownFileType = file.storyboard; name = Base; path = Base.lproj/LaunchScreen.storyboard; sourceTree = "<group>"; };
		0C8146712C2665D90034AD6D /* Info.plist */ = {isa = PBXFileReference; lastKnownFileType = text.plist.xml; path = Info.plist; sourceTree = "<group>"; };
		0C8146762C2665D90034AD6D /* viper-assignmentTests.xctest */ = {isa = PBXFileReference; explicitFileType = wrapper.cfbundle; includeInIndex = 0; path = "viper-assignmentTests.xctest"; sourceTree = BUILT_PRODUCTS_DIR; };
		0C81467A2C2665D90034AD6D /* viper_assignmentTests.swift */ = {isa = PBXFileReference; lastKnownFileType = sourcecode.swift; path = viper_assignmentTests.swift; sourceTree = "<group>"; };
		0C81469C2C299C510034AD6D /* swiftlint.yml */ = {isa = PBXFileReference; fileEncoding = 4; lastKnownFileType = text.yaml; path = swiftlint.yml; sourceTree = "<group>"; };
/* End PBXFileReference section */

/* Begin PBXFrameworksBuildPhase section */
		0C81465A2C2665D80034AD6D /* Frameworks */ = {
			isa = PBXFrameworksBuildPhase;
			buildActionMask = 2147483647;
			files = (
			);
			runOnlyForDeploymentPostprocessing = 0;
		};
		0C8146732C2665D90034AD6D /* Frameworks */ = {
			isa = PBXFrameworksBuildPhase;
			buildActionMask = 2147483647;
			files = (
			);
			runOnlyForDeploymentPostprocessing = 0;
		};
/* End PBXFrameworksBuildPhase section */

/* Begin PBXGroup section */
		0C8146542C2665D80034AD6D = {
			isa = PBXGroup;
			children = (
				0C81469C2C299C510034AD6D /* swiftlint.yml */,
				0C81465F2C2665D80034AD6D /* viper-assignment */,
				0C8146792C2665D90034AD6D /* viper-assignmentTests */,
				0C81465E2C2665D80034AD6D /* Products */,
			);
			sourceTree = "<group>";
		};
		0C81465E2C2665D80034AD6D /* Products */ = {
			isa = PBXGroup;
			children = (
				0C81465D2C2665D80034AD6D /* viper-assignment.app */,
				0C8146762C2665D90034AD6D /* viper-assignmentTests.xctest */,
			);
			name = Products;
			sourceTree = "<group>";
		};
		0C81465F2C2665D80034AD6D /* viper-assignment */ = {
			isa = PBXGroup;
			children = (
				0C8146602C2665D80034AD6D /* AppDelegate.swift */,
				0C8146622C2665D80034AD6D /* SceneDelegate.swift */,
				0C81466C2C2665D90034AD6D /* Assets.xcassets */,
				0C81466E2C2665D90034AD6D /* LaunchScreen.storyboard */,
				0C8146712C2665D90034AD6D /* Info.plist */,
				0C8146692C2665D80034AD6D /* viper_assignment.xcdatamodeld */,
			);
			path = "viper-assignment";
			sourceTree = "<group>";
		};
		0C8146792C2665D90034AD6D /* viper-assignmentTests */ = {
			isa = PBXGroup;
			children = (
				0C81467A2C2665D90034AD6D /* viper_assignmentTests.swift */,
			);
			path = "viper-assignmentTests";
			sourceTree = "<group>";
		};
/* End PBXGroup section */

/* Begin PBXNativeTarget section */
		0C81465C2C2665D80034AD6D /* viper-assignment */ = {
			isa = PBXNativeTarget;
			buildConfigurationList = 0C81468A2C2665D90034AD6D /* Build configuration list for PBXNativeTarget "viper-assignment" */;
			buildPhases = (
				0C8146592C2665D80034AD6D /* Sources */,
				0C81465A2C2665D80034AD6D /* Frameworks */,
				0C81465B2C2665D80034AD6D /* Resources */,
				0C81469B2C299B630034AD6D /* ShellScript */,
			);
			buildRules = (
			);
			dependencies = (
			);
			name = "viper-assignment";
			productName = "viper-assignment";
			productReference = 0C81465D2C2665D80034AD6D /* viper-assignment.app */;
			productType = "com.apple.product-type.application";
		};
		0C8146752C2665D90034AD6D /* viper-assignmentTests */ = {
			isa = PBXNativeTarget;
			buildConfigurationList = 0C81468D2C2665D90034AD6D /* Build configuration list for PBXNativeTarget "viper-assignmentTests" */;
			buildPhases = (
				0C8146722C2665D90034AD6D /* Sources */,
				0C8146732C2665D90034AD6D /* Frameworks */,
				0C8146742C2665D90034AD6D /* Resources */,
			);
			buildRules = (
			);
			dependencies = (
				0C8146782C2665D90034AD6D /* PBXTargetDependency */,
			);
			name = "viper-assignmentTests";
			productName = "viper-assignmentTests";
			productReference = 0C8146762C2665D90034AD6D /* viper-assignmentTests.xctest */;
			productType = "com.apple.product-type.bundle.unit-test";
		};
/* End PBXNativeTarget section */

/* Begin PBXProject section */
		0C8146552C2665D80034AD6D /* Project object */ = {
			isa = PBXProject;
			attributes = {
				BuildIndependentTargetsInParallel = 1;
				LastSwiftUpdateCheck = 1540;
				LastUpgradeCheck = 1540;
				TargetAttributes = {
					0C81465C2C2665D80034AD6D = {
						CreatedOnToolsVersion = 15.4;
					};
					0C8146752C2665D90034AD6D = {
						CreatedOnToolsVersion = 15.4;
						TestTargetID = 0C81465C2C2665D80034AD6D;
					};
				};
			};
			buildConfigurationList = 0C8146582C2665D80034AD6D /* Build configuration list for PBXProject "viper-assignment" */;
			compatibilityVersion = "Xcode 14.0";
			developmentRegion = en;
			hasScannedForEncodings = 0;
			knownRegions = (
				en,
				Base,
			);
			mainGroup = 0C8146542C2665D80034AD6D;
			packageReferences = (
			);
			productRefGroup = 0C81465E2C2665D80034AD6D /* Products */;
			projectDirPath = "";
			projectRoot = "";
			targets = (
				0C81465C2C2665D80034AD6D /* viper-assignment */,
				0C8146752C2665D90034AD6D /* viper-assignmentTests */,
			);
		};
/* End PBXProject section */

/* Begin PBXResourcesBuildPhase section */
		0C81465B2C2665D80034AD6D /* Resources */ = {
			isa = PBXResourcesBuildPhase;
			buildActionMask = 2147483647;
			files = (
				0C81466D2C2665D90034AD6D /* Assets.xcassets in Resources */,
				0C81469D2C299C510034AD6D /* swiftlint.yml in Resources */,
				0C8146702C2665D90034AD6D /* Base in Resources */,
			);
			runOnlyForDeploymentPostprocessing = 0;
		};
		0C8146742C2665D90034AD6D /* Resources */ = {
			isa = PBXResourcesBuildPhase;
			buildActionMask = 2147483647;
			files = (
			);
			runOnlyForDeploymentPostprocessing = 0;
		};
/* End PBXResourcesBuildPhase section */

/* Begin PBXShellScriptBuildPhase section */
		0C81469B2C299B630034AD6D /* ShellScript */ = {
			isa = PBXShellScriptBuildPhase;
			alwaysOutOfDate = 1;
			buildActionMask = 2147483647;
			files = (
			);
			inputFileListPaths = (
			);
			inputPaths = (
			);
			outputFileListPaths = (
			);
			outputPaths = (
			);
			runOnlyForDeploymentPostprocessing = 0;
			shellPath = /bin/sh;
			shellScript = "export PATH=\"$PATH:/opt/homebrew/bin\"\nPATH=/opt/homebrew/bin:$PATH\n    if which swiftlint >/dev/null; then\n    swiftlint\n    else\n        echo \"warning: SwiftLint not installed, download from https://github.com/realm/SwiftLint\"\nfi\n";
		};
/* End PBXShellScriptBuildPhase section */

/* Begin PBXSourcesBuildPhase section */
		0C8146592C2665D80034AD6D /* Sources */ = {
			isa = PBXSourcesBuildPhase;
			buildActionMask = 2147483647;
			files = (
				0C8146612C2665D80034AD6D /* AppDelegate.swift in Sources */,
				0C8146632C2665D80034AD6D /* SceneDelegate.swift in Sources */,
				0C81466B2C2665D80034AD6D /* viper_assignment.xcdatamodeld in Sources */,
			);
			runOnlyForDeploymentPostprocessing = 0;
		};
		0C8146722C2665D90034AD6D /* Sources */ = {
			isa = PBXSourcesBuildPhase;
			buildActionMask = 2147483647;
			files = (
				0C81467B2C2665D90034AD6D /* viper_assignmentTests.swift in Sources */,
			);
			runOnlyForDeploymentPostprocessing = 0;
		};
/* End PBXSourcesBuildPhase section */

/* Begin PBXTargetDependency section */
		0C8146782C2665D90034AD6D /* PBXTargetDependency */ = {
			isa = PBXTargetDependency;
			target = 0C81465C2C2665D80034AD6D /* viper-assignment */;
			targetProxy = 0C8146772C2665D90034AD6D /* PBXContainerItemProxy */;
		};
/* End PBXTargetDependency section */

/* Begin PBXVariantGroup section */
		0C81466E2C2665D90034AD6D /* LaunchScreen.storyboard */ = {
			isa = PBXVariantGroup;
			children = (
				0C81466F2C2665D90034AD6D /* Base */,
			);
			name = LaunchScreen.storyboard;
			sourceTree = "<group>";
		};
/* End PBXVariantGroup section */

/* Begin XCBuildConfiguration section */
		0C8146882C2665D90034AD6D /* Debug */ = {
			isa = XCBuildConfiguration;
			buildSettings = {
				ALWAYS_SEARCH_USER_PATHS = NO;
				ASSETCATALOG_COMPILER_GENERATE_SWIFT_ASSET_SYMBOL_EXTENSIONS = YES;
				CLANG_ANALYZER_NONNULL = YES;
				CLANG_ANALYZER_NUMBER_OBJECT_CONVERSION = YES_AGGRESSIVE;
				CLANG_CXX_LANGUAGE_STANDARD = "gnu++20";
				CLANG_ENABLE_MODULES = YES;
				CLANG_ENABLE_OBJC_ARC = YES;
				CLANG_ENABLE_OBJC_WEAK = YES;
				CLANG_WARN_BLOCK_CAPTURE_AUTORELEASING = YES;
				CLANG_WARN_BOOL_CONVERSION = YES;
				CLANG_WARN_COMMA = YES;
				CLANG_WARN_CONSTANT_CONVERSION = YES;
				CLANG_WARN_DEPRECATED_OBJC_IMPLEMENTATIONS = YES;
				CLANG_WARN_DIRECT_OBJC_ISA_USAGE = YES_ERROR;
				CLANG_WARN_DOCUMENTATION_COMMENTS = YES;
				CLANG_WARN_EMPTY_BODY = YES;
				CLANG_WARN_ENUM_CONVERSION = YES;
				CLANG_WARN_INFINITE_RECURSION = YES;
				CLANG_WARN_INT_CONVERSION = YES;
				CLANG_WARN_NON_LITERAL_NULL_CONVERSION = YES;
				CLANG_WARN_OBJC_IMPLICIT_RETAIN_SELF = YES;
				CLANG_WARN_OBJC_LITERAL_CONVERSION = YES;
				CLANG_WARN_OBJC_ROOT_CLASS = YES_ERROR;
				CLANG_WARN_QUOTED_INCLUDE_IN_FRAMEWORK_HEADER = YES;
				CLANG_WARN_RANGE_LOOP_ANALYSIS = YES;
				CLANG_WARN_STRICT_PROTOTYPES = YES;
				CLANG_WARN_SUSPICIOUS_MOVE = YES;
				CLANG_WARN_UNGUARDED_AVAILABILITY = YES_AGGRESSIVE;
				CLANG_WARN_UNREACHABLE_CODE = YES;
				CLANG_WARN__DUPLICATE_METHOD_MATCH = YES;
				COPY_PHASE_STRIP = NO;
				DEBUG_INFORMATION_FORMAT = dwarf;
				ENABLE_STRICT_OBJC_MSGSEND = YES;
				ENABLE_TESTABILITY = YES;
				ENABLE_USER_SCRIPT_SANDBOXING = NO;
				GCC_C_LANGUAGE_STANDARD = gnu17;
				GCC_DYNAMIC_NO_PIC = NO;
				GCC_NO_COMMON_BLOCKS = YES;
				GCC_OPTIMIZATION_LEVEL = 0;
				GCC_PREPROCESSOR_DEFINITIONS = (
					"DEBUG=1",
					"$(inherited)",
				);
				GCC_WARN_64_TO_32_BIT_CONVERSION = YES;
				GCC_WARN_ABOUT_RETURN_TYPE = YES_ERROR;
				GCC_WARN_UNDECLARED_SELECTOR = YES;
				GCC_WARN_UNINITIALIZED_AUTOS = YES_AGGRESSIVE;
				GCC_WARN_UNUSED_FUNCTION = YES;
				GCC_WARN_UNUSED_VARIABLE = YES;
				IPHONEOS_DEPLOYMENT_TARGET = 13.0;
				LOCALIZATION_PREFERS_STRING_CATALOGS = YES;
				MTL_ENABLE_DEBUG_INFO = INCLUDE_SOURCE;
				MTL_FAST_MATH = YES;
				ONLY_ACTIVE_ARCH = YES;
				SDKROOT = iphoneos;
				SWIFT_ACTIVE_COMPILATION_CONDITIONS = "DEBUG $(inherited)";
				SWIFT_OPTIMIZATION_LEVEL = "-Onone";
			};
			name = Debug;
		};
		0C8146892C2665D90034AD6D /* Release */ = {
			isa = XCBuildConfiguration;
			buildSettings = {
				ALWAYS_SEARCH_USER_PATHS = NO;
				ASSETCATALOG_COMPILER_GENERATE_SWIFT_ASSET_SYMBOL_EXTENSIONS = YES;
				CLANG_ANALYZER_NONNULL = YES;
				CLANG_ANALYZER_NUMBER_OBJECT_CONVERSION = YES_AGGRESSIVE;
				CLANG_CXX_LANGUAGE_STANDARD = "gnu++20";
				CLANG_ENABLE_MODULES = YES;
				CLANG_ENABLE_OBJC_ARC = YES;
				CLANG_ENABLE_OBJC_WEAK = YES;
				CLANG_WARN_BLOCK_CAPTURE_AUTORELEASING = YES;
				CLANG_WARN_BOOL_CONVERSION = YES;
				CLANG_WARN_COMMA = YES;
				CLANG_WARN_CONSTANT_CONVERSION = YES;
				CLANG_WARN_DEPRECATED_OBJC_IMPLEMENTATIONS = YES;
				CLANG_WARN_DIRECT_OBJC_ISA_USAGE = YES_ERROR;
				CLANG_WARN_DOCUMENTATION_COMMENTS = YES;
				CLANG_WARN_EMPTY_BODY = YES;
				CLANG_WARN_ENUM_CONVERSION = YES;
				CLANG_WARN_INFINITE_RECURSION = YES;
				CLANG_WARN_INT_CONVERSION = YES;
				CLANG_WARN_NON_LITERAL_NULL_CONVERSION = YES;
				CLANG_WARN_OBJC_IMPLICIT_RETAIN_SELF = YES;
				CLANG_WARN_OBJC_LITERAL_CONVERSION = YES;
				CLANG_WARN_OBJC_ROOT_CLASS = YES_ERROR;
				CLANG_WARN_QUOTED_INCLUDE_IN_FRAMEWORK_HEADER = YES;
				CLANG_WARN_RANGE_LOOP_ANALYSIS = YES;
				CLANG_WARN_STRICT_PROTOTYPES = YES;
				CLANG_WARN_SUSPICIOUS_MOVE = YES;
				CLANG_WARN_UNGUARDED_AVAILABILITY = YES_AGGRESSIVE;
				CLANG_WARN_UNREACHABLE_CODE = YES;
				CLANG_WARN__DUPLICATE_METHOD_MATCH = YES;
				COPY_PHASE_STRIP = NO;
				DEBUG_INFORMATION_FORMAT = "dwarf-with-dsym";
				ENABLE_NS_ASSERTIONS = NO;
				ENABLE_STRICT_OBJC_MSGSEND = YES;
				ENABLE_USER_SCRIPT_SANDBOXING = NO;
				GCC_C_LANGUAGE_STANDARD = gnu17;
				GCC_NO_COMMON_BLOCKS = YES;
				GCC_WARN_64_TO_32_BIT_CONVERSION = YES;
				GCC_WARN_ABOUT_RETURN_TYPE = YES_ERROR;
				GCC_WARN_UNDECLARED_SELECTOR = YES;
				GCC_WARN_UNINITIALIZED_AUTOS = YES_AGGRESSIVE;
				GCC_WARN_UNUSED_FUNCTION = YES;
				GCC_WARN_UNUSED_VARIABLE = YES;
				IPHONEOS_DEPLOYMENT_TARGET = 13.0;
				LOCALIZATION_PREFERS_STRING_CATALOGS = YES;
				MTL_ENABLE_DEBUG_INFO = NO;
				MTL_FAST_MATH = YES;
				SDKROOT = iphoneos;
				SWIFT_COMPILATION_MODE = wholemodule;
				VALIDATE_PRODUCT = YES;
			};
			name = Release;
		};
		0C81468B2C2665D90034AD6D /* Debug */ = {
			isa = XCBuildConfiguration;
			buildSettings = {
				ASSETCATALOG_COMPILER_APPICON_NAME = AppIcon;
				ASSETCATALOG_COMPILER_GLOBAL_ACCENT_COLOR_NAME = AccentColor;
				CODE_SIGN_STYLE = Automatic;
				CURRENT_PROJECT_VERSION = 1;
				DEVELOPMENT_TEAM = 4YYVSHC6RN;
				GENERATE_INFOPLIST_FILE = YES;
				INFOPLIST_FILE = "viper-assignment/Info.plist";
				INFOPLIST_KEY_UIApplicationSupportsIndirectInputEvents = YES;
				INFOPLIST_KEY_UILaunchStoryboardName = LaunchScreen;
				INFOPLIST_KEY_UIMainStoryboardFile = "";
				INFOPLIST_KEY_UISupportedInterfaceOrientations = UIInterfaceOrientationPortrait;
				INFOPLIST_KEY_UISupportedInterfaceOrientations_iPad = "UIInterfaceOrientationLandscapeLeft UIInterfaceOrientationLandscapeRight UIInterfaceOrientationPortrait UIInterfaceOrientationPortraitUpsideDown";
				IPHONEOS_DEPLOYMENT_TARGET = 13.0;
				LD_RUNPATH_SEARCH_PATHS = (
					"$(inherited)",
					"@executable_path/Frameworks",
				);
				MARKETING_VERSION = 1.0;
				PRODUCT_BUNDLE_IDENTIFIER = "io.atebenkov.viper-assignment";
				PRODUCT_NAME = "$(TARGET_NAME)";
				SUPPORTED_PLATFORMS = "iphoneos iphonesimulator";
				SUPPORTS_MACCATALYST = NO;
				SUPPORTS_MAC_DESIGNED_FOR_IPHONE_IPAD = NO;
				SUPPORTS_XR_DESIGNED_FOR_IPHONE_IPAD = NO;
				SWIFT_EMIT_LOC_STRINGS = YES;
				SWIFT_VERSION = 5.0;
				TARGETED_DEVICE_FAMILY = 1;
			};
			name = Debug;
		};
		0C81468C2C2665D90034AD6D /* Release */ = {
			isa = XCBuildConfiguration;
			buildSettings = {
				ASSETCATALOG_COMPILER_APPICON_NAME = AppIcon;
				ASSETCATALOG_COMPILER_GLOBAL_ACCENT_COLOR_NAME = AccentColor;
				CODE_SIGN_STYLE = Automatic;
				CURRENT_PROJECT_VERSION = 1;
				DEVELOPMENT_TEAM = 4YYVSHC6RN;
				GENERATE_INFOPLIST_FILE = YES;
				INFOPLIST_FILE = "viper-assignment/Info.plist";
				INFOPLIST_KEY_UIApplicationSupportsIndirectInputEvents = YES;
				INFOPLIST_KEY_UILaunchStoryboardName = LaunchScreen;
				INFOPLIST_KEY_UIMainStoryboardFile = "";
				INFOPLIST_KEY_UISupportedInterfaceOrientations = UIInterfaceOrientationPortrait;
				INFOPLIST_KEY_UISupportedInterfaceOrientations_iPad = "UIInterfaceOrientationLandscapeLeft UIInterfaceOrientationLandscapeRight UIInterfaceOrientationPortrait UIInterfaceOrientationPortraitUpsideDown";
				IPHONEOS_DEPLOYMENT_TARGET = 13.0;
				LD_RUNPATH_SEARCH_PATHS = (
					"$(inherited)",
					"@executable_path/Frameworks",
				);
				MARKETING_VERSION = 1.0;
				PRODUCT_BUNDLE_IDENTIFIER = "io.atebenkov.viper-assignment";
				PRODUCT_NAME = "$(TARGET_NAME)";
				SUPPORTED_PLATFORMS = "iphoneos iphonesimulator";
				SUPPORTS_MACCATALYST = NO;
				SUPPORTS_MAC_DESIGNED_FOR_IPHONE_IPAD = NO;
				SUPPORTS_XR_DESIGNED_FOR_IPHONE_IPAD = NO;
				SWIFT_EMIT_LOC_STRINGS = YES;
				SWIFT_VERSION = 5.0;
				TARGETED_DEVICE_FAMILY = 1;
			};
			name = Release;
		};
		0C81468E2C2665D90034AD6D /* Debug */ = {
			isa = XCBuildConfiguration;
			buildSettings = {
				ALWAYS_EMBED_SWIFT_STANDARD_LIBRARIES = YES;
				BUNDLE_LOADER = "$(TEST_HOST)";
				CODE_SIGN_STYLE = Automatic;
				CURRENT_PROJECT_VERSION = 1;
				DEVELOPMENT_TEAM = 4YYVSHC6RN;
				GENERATE_INFOPLIST_FILE = YES;
				IPHONEOS_DEPLOYMENT_TARGET = 13.0;
				MARKETING_VERSION = 1.0;
				PRODUCT_BUNDLE_IDENTIFIER = "io.atebenkov.viper-assignmentTests";
				PRODUCT_NAME = "$(TARGET_NAME)";
				SUPPORTED_PLATFORMS = "iphoneos iphonesimulator";
				SUPPORTS_MACCATALYST = NO;
				SUPPORTS_MAC_DESIGNED_FOR_IPHONE_IPAD = NO;
				SUPPORTS_XR_DESIGNED_FOR_IPHONE_IPAD = NO;
				SWIFT_EMIT_LOC_STRINGS = NO;
				SWIFT_VERSION = 5.0;
				TARGETED_DEVICE_FAMILY = 1;
				TEST_HOST = "$(BUILT_PRODUCTS_DIR)/viper-assignment.app/$(BUNDLE_EXECUTABLE_FOLDER_PATH)/viper-assignment";
			};
			name = Debug;
		};
		0C81468F2C2665D90034AD6D /* Release */ = {
			isa = XCBuildConfiguration;
			buildSettings = {
				ALWAYS_EMBED_SWIFT_STANDARD_LIBRARIES = YES;
				BUNDLE_LOADER = "$(TEST_HOST)";
				CODE_SIGN_STYLE = Automatic;
				CURRENT_PROJECT_VERSION = 1;
				DEVELOPMENT_TEAM = 4YYVSHC6RN;
				GENERATE_INFOPLIST_FILE = YES;
				IPHONEOS_DEPLOYMENT_TARGET = 13.0;
				MARKETING_VERSION = 1.0;
				PRODUCT_BUNDLE_IDENTIFIER = "io.atebenkov.viper-assignmentTests";
				PRODUCT_NAME = "$(TARGET_NAME)";
				SUPPORTED_PLATFORMS = "iphoneos iphonesimulator";
				SUPPORTS_MACCATALYST = NO;
				SUPPORTS_MAC_DESIGNED_FOR_IPHONE_IPAD = NO;
				SUPPORTS_XR_DESIGNED_FOR_IPHONE_IPAD = NO;
				SWIFT_EMIT_LOC_STRINGS = NO;
				SWIFT_VERSION = 5.0;
				TARGETED_DEVICE_FAMILY = 1;
				TEST_HOST = "$(BUILT_PRODUCTS_DIR)/viper-assignment.app/$(BUNDLE_EXECUTABLE_FOLDER_PATH)/viper-assignment";
			};
			name = Release;
		};
/* End XCBuildConfiguration section */

/* Begin XCConfigurationList section */
		0C8146582C2665D80034AD6D /* Build configuration list for PBXProject "viper-assignment" */ = {
			isa = XCConfigurationList;
			buildConfigurations = (
				0C8146882C2665D90034AD6D /* Debug */,
				0C8146892C2665D90034AD6D /* Release */,
			);
			defaultConfigurationIsVisible = 0;
			defaultConfigurationName = Release;
		};
		0C81468A2C2665D90034AD6D /* Build configuration list for PBXNativeTarget "viper-assignment" */ = {
			isa = XCConfigurationList;
			buildConfigurations = (
				0C81468B2C2665D90034AD6D /* Debug */,
				0C81468C2C2665D90034AD6D /* Release */,
			);
			defaultConfigurationIsVisible = 0;
			defaultConfigurationName = Release;
		};
		0C81468D2C2665D90034AD6D /* Build configuration list for PBXNativeTarget "viper-assignmentTests" */ = {
			isa = XCConfigurationList;
			buildConfigurations = (
				0C81468E2C2665D90034AD6D /* Debug */,
				0C81468F2C2665D90034AD6D /* Release */,
			);
			defaultConfigurationIsVisible = 0;
			defaultConfigurationName = Release;
		};
/* End XCConfigurationList section */

/* Begin XCVersionGroup section */
		0C8146692C2665D80034AD6D /* viper_assignment.xcdatamodeld */ = {
			isa = XCVersionGroup;
			children = (
				0C81466A2C2665D80034AD6D /* viper_assignment.xcdatamodel */,
			);
			currentVersion = 0C81466A2C2665D80034AD6D /* viper_assignment.xcdatamodel */;
			path = viper_assignment.xcdatamodeld;
			sourceTree = "<group>";
			versionGroupType = wrapper.xcdatamodel;
		};
/* End XCVersionGroup section */
	};
	rootObject = 0C8146552C2665D80034AD6D /* Project object */;
}
